
Microsoft Visual Studio Solution File, Format Version 12.00
# Visual Studio Version 16
VisualStudioVersion = 16.0.30406.217
MinimumVisualStudioVersion = 10.0.40219.1
Project("{FAE04EC0-301F-11D3-BF4B-00C04F79EFBC}") = "TugasLibraryUnitTest", "TugasLibraryUnitTest\TugasLibraryUnitTest.csproj", "{7DBA4A1D-D12C-4A8B-8BD0-D2B1BCB31BF7}"
EndProject
Project("{FAE04EC0-301F-11D3-BF4B-00C04F79EFBC}") = "TugasUnitTest", "TugasUnitTest\TugasUnitTest.csproj", "{4C5B26C7-42D7-462C-98B8-9A8305491059}"
EndProject
Project("{FAE04EC0-301F-11D3-BF4B-00C04F79EFBC}") = "TugasConsole", "TugasConsole\TugasConsole.csproj", "{D657EBD0-116E-4A3B-B262-E81E9A356E54}"
EndProject
Global
	GlobalSection(SolutionConfigurationPlatforms) = preSolution
		Debug|Any CPU = Debug|Any CPU
		Release|Any CPU = Release|Any CPU
	EndGlobalSection
	GlobalSection(ProjectConfigurationPlatforms) = postSolution
		{7DBA4A1D-D12C-4A8B-8BD0-D2B1BCB31BF7}.Debug|Any CPU.ActiveCfg = Debug|Any CPU
		{7DBA4A1D-D12C-4A8B-8BD0-D2B1BCB31BF7}.Debug|Any CPU.Build.0 = Debug|Any CPU
		{7DBA4A1D-D12C-4A8B-8BD0-D2B1BCB31BF7}.Release|Any CPU.ActiveCfg = Release|Any CPU
		{7DBA4A1D-D12C-4A8B-8BD0-D2B1BCB31BF7}.Release|Any CPU.Build.0 = Release|Any CPU
		{4C5B26C7-42D7-462C-98B8-9A8305491059}.Debug|Any CPU.ActiveCfg = Debug|Any CPU
		{4C5B26C7-42D7-462C-98B8-9A8305491059}.Debug|Any CPU.Build.0 = Debug|Any CPU
		{4C5B26C7-42D7-462C-98B8-9A8305491059}.Release|Any CPU.ActiveCfg = Release|Any CPU
		{4C5B26C7-42D7-462C-98B8-9A8305491059}.Release|Any CPU.Build.0 = Release|Any CPU
		{D657EBD0-116E-4A3B-B262-E81E9A356E54}.Debug|Any CPU.ActiveCfg = Debug|Any CPU
		{D657EBD0-116E-4A3B-B262-E81E9A356E54}.Debug|Any CPU.Build.0 = Debug|Any CPU
		{D657EBD0-116E-4A3B-B262-E81E9A356E54}.Release|Any CPU.ActiveCfg = Release|Any CPU
		{D657EBD0-116E-4A3B-B262-E81E9A356E54}.Release|Any CPU.Build.0 = Release|Any CPU
	EndGlobalSection
	GlobalSection(SolutionProperties) = preSolution
		HideSolutionNode = FALSE
	EndGlobalSection
	GlobalSection(ExtensibilityGlobals) = postSolution
		SolutionGuid = {0A3C8882-9503-4C34-A442-DF074C7CF9D2}
	EndGlobalSection
EndGlobal
