
Microsoft Visual Studio Solution File, Format Version 12.00
# Visual Studio Version 16
VisualStudioVersion = 16.0.30406.217
MinimumVisualStudioVersion = 10.0.40219.1
Project("{FAE04EC0-301F-11D3-BF4B-00C04F79EFBC}") = "CalculatorMachine", "..\Pertemuan 1\SolutionCal05\CalculatorMachine\CalculatorMachine.csproj", "{070DE01C-2C6C-49BE-8DF7-4BA0AAD7B2C7}"
EndProject
Project("{FAE04EC0-301F-11D3-BF4B-00C04F79EFBC}") = "CalculatorConsoleTest", "..\Pertemuan 1\SolutionCal05\CalculatorConsoleTest\CalculatorConsoleTest.csproj", "{764CA72F-C46A-4104-916C-03EE04B50B82}"
EndProject
Project("{FAE04EC0-301F-11D3-BF4B-00C04F79EFBC}") = "CalculatorUnitTest", "CalculatorUnitTest\CalculatorUnitTest.csproj", "{32AE422E-2C48-4267-AB80-411C43C1B73D}"
EndProject
Global
	GlobalSection(SolutionConfigurationPlatforms) = preSolution
		Debug|Any CPU = Debug|Any CPU
		Release|Any CPU = Release|Any CPU
	EndGlobalSection
	GlobalSection(ProjectConfigurationPlatforms) = postSolution
		{070DE01C-2C6C-49BE-8DF7-4BA0AAD7B2C7}.Debug|Any CPU.ActiveCfg = Debug|Any CPU
		{070DE01C-2C6C-49BE-8DF7-4BA0AAD7B2C7}.Debug|Any CPU.Build.0 = Debug|Any CPU
		{070DE01C-2C6C-49BE-8DF7-4BA0AAD7B2C7}.Release|Any CPU.ActiveCfg = Release|Any CPU
		{070DE01C-2C6C-49BE-8DF7-4BA0AAD7B2C7}.Release|Any CPU.Build.0 = Release|Any CPU
		{764CA72F-C46A-4104-916C-03EE04B50B82}.Debug|Any CPU.ActiveCfg = Debug|Any CPU
		{764CA72F-C46A-4104-916C-03EE04B50B82}.Debug|Any CPU.Build.0 = Debug|Any CPU
		{764CA72F-C46A-4104-916C-03EE04B50B82}.Release|Any CPU.ActiveCfg = Release|Any CPU
		{764CA72F-C46A-4104-916C-03EE04B50B82}.Release|Any CPU.Build.0 = Release|Any CPU
		{32AE422E-2C48-4267-AB80-411C43C1B73D}.Debug|Any CPU.ActiveCfg = Debug|Any CPU
		{32AE422E-2C48-4267-AB80-411C43C1B73D}.Debug|Any CPU.Build.0 = Debug|Any CPU
		{32AE422E-2C48-4267-AB80-411C43C1B73D}.Release|Any CPU.ActiveCfg = Release|Any CPU
		{32AE422E-2C48-4267-AB80-411C43C1B73D}.Release|Any CPU.Build.0 = Release|Any CPU
	EndGlobalSection
	GlobalSection(SolutionProperties) = preSolution
		HideSolutionNode = FALSE
	EndGlobalSection
	GlobalSection(ExtensibilityGlobals) = postSolution
		SolutionGuid = {5CA764C1-E748-44C4-8A80-B91B4C9111EF}
	EndGlobalSection
EndGlobal
